
Microsoft Visual Studio Solution File, Format Version 12.00
# Visual Studio 15
Project("{FAE04EC0-301F-11D3-BF4B-00C04F79EFBC}") = "LCVersion", "LCVersion.csproj", "{573BA5D6-E495-49CE-B163-2ED9E8C599F4}"
EndProject
Global
	GlobalSection(SolutionConfigurationPlatforms) = preSolution
		Debug|anycpu = Debug|anycpu
		Release|anycpu = Release|anycpu
	EndGlobalSection
	GlobalSection(ProjectConfigurationPlatforms) = postSolution
		{573BA5D6-E495-49CE-B163-2ED9E8C599F4}.Debug|anycpu.ActiveCfg = Debug|anycpu
		{573BA5D6-E495-49CE-B163-2ED9E8C599F4}.Debug|anycpu.Build.0 = Debug|anycpu
		{573BA5D6-E495-49CE-B163-2ED9E8C599F4}.Release|anycpu.ActiveCfg = Release|anycpu
		{573BA5D6-E495-49CE-B163-2ED9E8C599F4}.Release|anycpu.Build.0 = Release|anycpu
	EndGlobalSection
	GlobalSection(MonoDevelopProperties) = preSolution
		Policies = $0
		$0.DotNetNamingPolicy = $1
		$1.DirectoryNamespaceAssociation = PrefixedHierarchical
		$0.TextStylePolicy = $2
		$2.inheritsSet = null
		$2.scope = text/x-csharp
		$0.CSharpFormattingPolicy = $3
		$3.scope = text/x-csharp
		$0.TextStylePolicy = $4
		$4.FileWidth = 80
		$4.TabsToSpaces = True
		$4.scope = text/plain
		$0.StandardHeader = $5
		version = 1.0
	EndGlobalSection
EndGlobal
